# This file is automatically @generated by Cargo.
# It is not intended for manual editing.
[[package]]
name = "asmlink"
version = "0.1.0"

[[package]]
name = "bdd"
version = "0.1.0"

[[package]]
name = "bios_bootloader"
version = "0.1.0"
dependencies = [
 "asmlink",
 "bdd",
 "boot_block",
 "cpu",
 "elfparse",
 "libc_routines",
 "lock",
 "page_table",
 "rangeset",
 "serial_port",
]

[[package]]
name = "boot_block"
version = "0.1.0"
dependencies = [
 "lock",
 "page_table",
 "rangeset",
 "serial_port",
]

[[package]]
name = "cpu"
version = "0.1.0"

[[package]]
name = "elfparse"
version = "0.1.0"

[[package]]
name = "libc_routines"
version = "0.1.0"

[[package]]
name = "lock"
version = "0.1.0"

[[package]]
name = "page_table"
version = "0.1.0"
dependencies = [
 "cpu",
]

[[package]]
name = "rangeset"
version = "0.1.0"

[[package]]
name = "serial_port"
version = "0.1.0"
dependencies = [
 "cpu",
]
