# This file is automatically @generated by Cargo.
# It is not intended for manual editing.
[[package]]
name = "asmlink"
version = "0.1.0"

[[package]]
name = "bootloader"
version = "0.1.0"
dependencies = [
 "asmlink",
 "cpu",
 "libc_routines",
]

[[package]]
name = "cpu"
version = "0.1.0"

[[package]]
name = "libc_routines"
version = "0.1.0"
